<Solution>
  <Project Path="../GLMS.Test/GLMS.Test.csproj" Id="411e35f4-cec5-4762-a5ce-64bbe9353225" />
  <Project Path="docker-compose.dcproj">
    <Build />
  </Project>
  <Project Path="GLMS.API/GLMS.API.csproj" Id="d060eeac-bb63-4cf3-8d61-17f9216db833" />
  <Project Path="MVC/Global Logistics Management System - ST10439898.csproj" />
</Solution>
